// !$*UTF8*$!
{
	archiveVersion = 1;
	classes = {
	};
	objectVersion = 50;
	objects = {

/* Begin PBXBuildFile section */
		5B97F786243878C000ACF83D /* AppDelegate.swift in Sources */ = {isa = PBXBuildFile; fileRef = 5B97F785243878C000ACF83D /* AppDelegate.swift */; };
		5B97F788243878C000ACF83D /* SceneDelegate.swift in Sources */ = {isa = PBXBuildFile; fileRef = 5B97F787243878C000ACF83D /* SceneDelegate.swift */; };
		5B97F78A243878C000ACF83D /* ViewController.swift in Sources */ = {isa = PBXBuildFile; fileRef = 5B97F789243878C000ACF83D /* ViewController.swift */; };
		5B97F78D243878C000ACF83D /* Main.storyboard in Resources */ = {isa = PBXBuildFile; fileRef = 5B97F78B243878C000ACF83D /* Main.storyboard */; };
		5B97F790243878C000ACF83D /* Chat_App.xcdatamodeld in Sources */ = {isa = PBXBuildFile; fileRef = 5B97F78E243878C000ACF83D /* Chat_App.xcdatamodeld */; };
		5B97F792243878C500ACF83D /* Assets.xcassets in Resources */ = {isa = PBXBuildFile; fileRef = 5B97F791243878C500ACF83D /* Assets.xcassets */; };
		5B97F795243878C500ACF83D /* LaunchScreen.storyboard in Resources */ = {isa = PBXBuildFile; fileRef = 5B97F793243878C500ACF83D /* LaunchScreen.storyboard */; };
		5B97F79D24387A8800ACF83D /* LoginViewController.swift in Sources */ = {isa = PBXBuildFile; fileRef = 5B97F79C24387A8800ACF83D /* LoginViewController.swift */; };
/* End PBXBuildFile section */

/* Begin PBXFileReference section */
		5B97F782243878C000ACF83D /* Chat-App.app */ = {isa = PBXFileReference; explicitFileType = wrapper.application; includeInIndex = 0; path = "Chat-App.app"; sourceTree = BUILT_PRODUCTS_DIR; };
		5B97F785243878C000ACF83D /* AppDelegate.swift */ = {isa = PBXFileReference; lastKnownFileType = sourcecode.swift; path = AppDelegate.swift; sourceTree = "<group>"; };
		5B97F787243878C000ACF83D /* SceneDelegate.swift */ = {isa = PBXFileReference; lastKnownFileType = sourcecode.swift; path = SceneDelegate.swift; sourceTree = "<group>"; };
		5B97F789243878C000ACF83D /* ViewController.swift */ = {isa = PBXFileReference; lastKnownFileType = sourcecode.swift; path = ViewController.swift; sourceTree = "<group>"; };
		5B97F78C243878C000ACF83D /* Base */ = {isa = PBXFileReference; lastKnownFileType = file.storyboard; name = Base; path = Base.lproj/Main.storyboard; sourceTree = "<group>"; };
		5B97F78F243878C000ACF83D /* Chat_App.xcdatamodel */ = {isa = PBXFileReference; lastKnownFileType = wrapper.xcdatamodel; path = Chat_App.xcdatamodel; sourceTree = "<group>"; };
		5B97F791243878C500ACF83D /* Assets.xcassets */ = {isa = PBXFileReference; lastKnownFileType = folder.assetcatalog; path = Assets.xcassets; sourceTree = "<group>"; };
		5B97F794243878C500ACF83D /* Base */ = {isa = PBXFileReference; lastKnownFileType = file.storyboard; name = Base; path = Base.lproj/LaunchScreen.storyboard; sourceTree = "<group>"; };
		5B97F796243878C500ACF83D /* Info.plist */ = {isa = PBXFileReference; lastKnownFileType = text.plist.xml; path = Info.plist; sourceTree = "<group>"; };
		5B97F79C24387A8800ACF83D /* LoginViewController.swift */ = {isa = PBXFileReference; lastKnownFileType = sourcecode.swift; path = LoginViewController.swift; sourceTree = "<group>"; };
/* End PBXFileReference section */

/* Begin PBXFrameworksBuildPhase section */
		5B97F77F243878C000ACF83D /* Frameworks */ = {
			isa = PBXFrameworksBuildPhase;
			buildActionMask = 2147483647;
			files = (
			);
			runOnlyForDeploymentPostprocessing = 0;
		};
/* End PBXFrameworksBuildPhase section */

/* Begin PBXGroup section */
		5B97F779243878C000ACF83D = {
			isa = PBXGroup;
			children = (
				5B97F784243878C000ACF83D /* Chat-App */,
				5B97F783243878C000ACF83D /* Products */,
			);
			sourceTree = "<group>";
		};
		5B97F783243878C000ACF83D /* Products */ = {
			isa = PBXGroup;
			children = (
				5B97F782243878C000ACF83D /* Chat-App.app */,
			);
			name = Products;
			sourceTree = "<group>";
		};
		5B97F784243878C000ACF83D /* Chat-App */ = {
			isa = PBXGroup;
			children = (
				5B97F7A024387AA400ACF83D /* Model */,
				5B97F79F24387A9E00ACF83D /* View */,
				5B97F79E24387A9100ACF83D /* Controller */,
				5B97F785243878C000ACF83D /* AppDelegate.swift */,
				5B97F787243878C000ACF83D /* SceneDelegate.swift */,
				5B97F789243878C000ACF83D /* ViewController.swift */,
				5B97F78B243878C000ACF83D /* Main.storyboard */,
				5B97F791243878C500ACF83D /* Assets.xcassets */,
				5B97F793243878C500ACF83D /* LaunchScreen.storyboard */,
				5B97F796243878C500ACF83D /* Info.plist */,
				5B97F78E243878C000ACF83D /* Chat_App.xcdatamodeld */,
				5B97F79C24387A8800ACF83D /* LoginViewController.swift */,
			);
			path = "Chat-App";
			sourceTree = "<group>";
		};
		5B97F79E24387A9100ACF83D /* Controller */ = {
			isa = PBXGroup;
			children = (
			);
			path = Controller;
			sourceTree = "<group>";
		};
		5B97F79F24387A9E00ACF83D /* View */ = {
			isa = PBXGroup;
			children = (
			);
			path = View;
			sourceTree = "<group>";
		};
		5B97F7A024387AA400ACF83D /* Model */ = {
			isa = PBXGroup;
			children = (
			);
			path = Model;
			sourceTree = "<group>";
		};
/* End PBXGroup section */

/* Begin PBXNativeTarget section */
		5B97F781243878C000ACF83D /* Chat-App */ = {
			isa = PBXNativeTarget;
			buildConfigurationList = 5B97F799243878C500ACF83D /* Build configuration list for PBXNativeTarget "Chat-App" */;
			buildPhases = (
				5B97F77E243878C000ACF83D /* Sources */,
				5B97F77F243878C000ACF83D /* Frameworks */,
				5B97F780243878C000ACF83D /* Resources */,
			);
			buildRules = (
			);
			dependencies = (
			);
			name = "Chat-App";
			productName = "Chat-App";
			productReference = 5B97F782243878C000ACF83D /* Chat-App.app */;
			productType = "com.apple.product-type.application";
		};
/* End PBXNativeTarget section */

/* Begin PBXProject section */
		5B97F77A243878C000ACF83D /* Project object */ = {
			isa = PBXProject;
			attributes = {
				LastSwiftUpdateCheck = 1140;
				LastUpgradeCheck = 1140;
				ORGANIZATIONNAME = "Aaryan Kothari";
				TargetAttributes = {
					5B97F781243878C000ACF83D = {
						CreatedOnToolsVersion = 11.4;
					};
				};
			};
			buildConfigurationList = 5B97F77D243878C000ACF83D /* Build configuration list for PBXProject "Chat-App" */;
			compatibilityVersion = "Xcode 9.3";
			developmentRegion = en;
			hasScannedForEncodings = 0;
			knownRegions = (
				en,
				Base,
			);
			mainGroup = 5B97F779243878C000ACF83D;
			productRefGroup = 5B97F783243878C000ACF83D /* Products */;
			projectDirPath = "";
			projectRoot = "";
			targets = (
				5B97F781243878C000ACF83D /* Chat-App */,
			);
		};
/* End PBXProject section */

/* Begin PBXResourcesBuildPhase section */
		5B97F780243878C000ACF83D /* Resources */ = {
			isa = PBXResourcesBuildPhase;
			buildActionMask = 2147483647;
			files = (
				5B97F795243878C500ACF83D /* LaunchScreen.storyboard in Resources */,
				5B97F792243878C500ACF83D /* Assets.xcassets in Resources */,
				5B97F78D243878C000ACF83D /* Main.storyboard in Resources */,
			);
			runOnlyForDeploymentPostprocessing = 0;
		};
/* End PBXResourcesBuildPhase section */

/* Begin PBXSourcesBuildPhase section */
		5B97F77E243878C000ACF83D /* Sources */ = {
			isa = PBXSourcesBuildPhase;
			buildActionMask = 2147483647;
			files = (
				5B97F78A243878C000ACF83D /* ViewController.swift in Sources */,
				5B97F790243878C000ACF83D /* Chat_App.xcdatamodeld in Sources */,
				5B97F786243878C000ACF83D /* AppDelegate.swift in Sources */,
				5B97F79D24387A8800ACF83D /* LoginViewController.swift in Sources */,
				5B97F788243878C000ACF83D /* SceneDelegate.swift in Sources */,
			);
			runOnlyForDeploymentPostprocessing = 0;
		};
/* End PBXSourcesBuildPhase section */

/* Begin PBXVariantGroup section */
		5B97F78B243878C000ACF83D /* Main.storyboard */ = {
			isa = PBXVariantGroup;
			children = (
				5B97F78C243878C000ACF83D /* Base */,
			);
			name = Main.storyboard;
			sourceTree = "<group>";
		};
		5B97F793243878C500ACF83D /* LaunchScreen.storyboard */ = {
			isa = PBXVariantGroup;
			children = (
				5B97F794243878C500ACF83D /* Base */,
			);
			name = LaunchScreen.storyboard;
			sourceTree = "<group>";
		};
/* End PBXVariantGroup section */

/* Begin XCBuildConfiguration section */
		5B97F797243878C500ACF83D /* Debug */ = {
			isa = XCBuildConfiguration;
			buildSettings = {
				ALWAYS_SEARCH_USER_PATHS = NO;
				CLANG_ANALYZER_NONNULL = YES;
				CLANG_ANALYZER_NUMBER_OBJECT_CONVERSION = YES_AGGRESSIVE;
				CLANG_CXX_LANGUAGE_STANDARD = "gnu++14";
				CLANG_CXX_LIBRARY = "libc++";
				CLANG_ENABLE_MODULES = YES;
				CLANG_ENABLE_OBJC_ARC = YES;
				CLANG_ENABLE_OBJC_WEAK = YES;
				CLANG_WARN_BLOCK_CAPTURE_AUTORELEASING = YES;
				CLANG_WARN_BOOL_CONVERSION = YES;
				CLANG_WARN_COMMA = YES;
				CLANG_WARN_CONSTANT_CONVERSION = YES;
				CLANG_WARN_DEPRECATED_OBJC_IMPLEMENTATIONS = YES;
				CLANG_WARN_DIRECT_OBJC_ISA_USAGE = YES_ERROR;
				CLANG_WARN_DOCUMENTATION_COMMENTS = YES;
				CLANG_WARN_EMPTY_BODY = YES;
				CLANG_WARN_ENUM_CONVERSION = YES;
				CLANG_WARN_INFINITE_RECURSION = YES;
				CLANG_WARN_INT_CONVERSION = YES;
				CLANG_WARN_NON_LITERAL_NULL_CONVERSION = YES;
				CLANG_WARN_OBJC_IMPLICIT_RETAIN_SELF = YES;
				CLANG_WARN_OBJC_LITERAL_CONVERSION = YES;
				CLANG_WARN_OBJC_ROOT_CLASS = YES_ERROR;
				CLANG_WARN_RANGE_LOOP_ANALYSIS = YES;
				CLANG_WARN_STRICT_PROTOTYPES = YES;
				CLANG_WARN_SUSPICIOUS_MOVE = YES;
				CLANG_WARN_UNGUARDED_AVAILABILITY = YES_AGGRESSIVE;
				CLANG_WARN_UNREACHABLE_CODE = YES;
				CLANG_WARN__DUPLICATE_METHOD_MATCH = YES;
				COPY_PHASE_STRIP = NO;
				DEBUG_INFORMATION_FORMAT = dwarf;
				ENABLE_STRICT_OBJC_MSGSEND = YES;
				ENABLE_TESTABILITY = YES;
				GCC_C_LANGUAGE_STANDARD = gnu11;
				GCC_DYNAMIC_NO_PIC = NO;
				GCC_NO_COMMON_BLOCKS = YES;
				GCC_OPTIMIZATION_LEVEL = 0;
				GCC_PREPROCESSOR_DEFINITIONS = (
					"DEBUG=1",
					"$(inherited)",
				);
				GCC_WARN_64_TO_32_BIT_CONVERSION = YES;
				GCC_WARN_ABOUT_RETURN_TYPE = YES_ERROR;
				GCC_WARN_UNDECLARED_SELECTOR = YES;
				GCC_WARN_UNINITIALIZED_AUTOS = YES_AGGRESSIVE;
				GCC_WARN_UNUSED_FUNCTION = YES;
				GCC_WARN_UNUSED_VARIABLE = YES;
				IPHONEOS_DEPLOYMENT_TARGET = 13.4;
				MTL_ENABLE_DEBUG_INFO = INCLUDE_SOURCE;
				MTL_FAST_MATH = YES;
				ONLY_ACTIVE_ARCH = YES;
				SDKROOT = iphoneos;
				SWIFT_ACTIVE_COMPILATION_CONDITIONS = DEBUG;
				SWIFT_OPTIMIZATION_LEVEL = "-Onone";
			};
			name = Debug;
		};
		5B97F798243878C500ACF83D /* Release */ = {
			isa = XCBuildConfiguration;
			buildSettings = {
				ALWAYS_SEARCH_USER_PATHS = NO;
				CLANG_ANALYZER_NONNULL = YES;
				CLANG_ANALYZER_NUMBER_OBJECT_CONVERSION = YES_AGGRESSIVE;
				CLANG_CXX_LANGUAGE_STANDARD = "gnu++14";
				CLANG_CXX_LIBRARY = "libc++";
				CLANG_ENABLE_MODULES = YES;
				CLANG_ENABLE_OBJC_ARC = YES;
				CLANG_ENABLE_OBJC_WEAK = YES;
				CLANG_WARN_BLOCK_CAPTURE_AUTORELEASING = YES;
				CLANG_WARN_BOOL_CONVERSION = YES;
				CLANG_WARN_COMMA = YES;
				CLANG_WARN_CONSTANT_CONVERSION = YES;
				CLANG_WARN_DEPRECATED_OBJC_IMPLEMENTATIONS = YES;
				CLANG_WARN_DIRECT_OBJC_ISA_USAGE = YES_ERROR;
				CLANG_WARN_DOCUMENTATION_COMMENTS = YES;
				CLANG_WARN_EMPTY_BODY = YES;
				CLANG_WARN_ENUM_CONVERSION = YES;
				CLANG_WARN_INFINITE_RECURSION = YES;
				CLANG_WARN_INT_CONVERSION = YES;
				CLANG_WARN_NON_LITERAL_NULL_CONVERSION = YES;
				CLANG_WARN_OBJC_IMPLICIT_RETAIN_SELF = YES;
				CLANG_WARN_OBJC_LITERAL_CONVERSION = YES;
				CLANG_WARN_OBJC_ROOT_CLASS = YES_ERROR;
				CLANG_WARN_RANGE_LOOP_ANALYSIS = YES;
				CLANG_WARN_STRICT_PROTOTYPES = YES;
				CLANG_WARN_SUSPICIOUS_MOVE = YES;
				CLANG_WARN_UNGUARDED_AVAILABILITY = YES_AGGRESSIVE;
				CLANG_WARN_UNREACHABLE_CODE = YES;
				CLANG_WARN__DUPLICATE_METHOD_MATCH = YES;
				COPY_PHASE_STRIP = NO;
				DEBUG_INFORMATION_FORMAT = "dwarf-with-dsym";
				ENABLE_NS_ASSERTIONS = NO;
				ENABLE_STRICT_OBJC_MSGSEND = YES;
				GCC_C_LANGUAGE_STANDARD = gnu11;
				GCC_NO_COMMON_BLOCKS = YES;
				GCC_WARN_64_TO_32_BIT_CONVERSION = YES;
				GCC_WARN_ABOUT_RETURN_TYPE = YES_ERROR;
				GCC_WARN_UNDECLARED_SELECTOR = YES;
				GCC_WARN_UNINITIALIZED_AUTOS = YES_AGGRESSIVE;
				GCC_WARN_UNUSED_FUNCTION = YES;
				GCC_WARN_UNUSED_VARIABLE = YES;
				IPHONEOS_DEPLOYMENT_TARGET = 13.4;
				MTL_ENABLE_DEBUG_INFO = NO;
				MTL_FAST_MATH = YES;
				SDKROOT = iphoneos;
				SWIFT_COMPILATION_MODE = wholemodule;
				SWIFT_OPTIMIZATION_LEVEL = "-O";
				VALIDATE_PRODUCT = YES;
			};
			name = Release;
		};
		5B97F79A243878C500ACF83D /* Debug */ = {
			isa = XCBuildConfiguration;
			buildSettings = {
				ASSETCATALOG_COMPILER_APPICON_NAME = AppIcon;
				CODE_SIGN_STYLE = Automatic;
				DEVELOPMENT_TEAM = F8CHS6PHQS;
				INFOPLIST_FILE = "Chat-App/Info.plist";
				LD_RUNPATH_SEARCH_PATHS = (
					"$(inherited)",
					"@executable_path/Frameworks",
				);
				PRODUCT_BUNDLE_IDENTIFIER = "ak.Chat-App";
				PRODUCT_NAME = "$(TARGET_NAME)";
				SWIFT_VERSION = 5.0;
				TARGETED_DEVICE_FAMILY = "1,2";
			};
			name = Debug;
		};
		5B97F79B243878C500ACF83D /* Release */ = {
			isa = XCBuildConfiguration;
			buildSettings = {
				ASSETCATALOG_COMPILER_APPICON_NAME = AppIcon;
				CODE_SIGN_STYLE = Automatic;
				DEVELOPMENT_TEAM = F8CHS6PHQS;
				INFOPLIST_FILE = "Chat-App/Info.plist";
				LD_RUNPATH_SEARCH_PATHS = (
					"$(inherited)",
					"@executable_path/Frameworks",
				);
				PRODUCT_BUNDLE_IDENTIFIER = "ak.Chat-App";
				PRODUCT_NAME = "$(TARGET_NAME)";
				SWIFT_VERSION = 5.0;
				TARGETED_DEVICE_FAMILY = "1,2";
			};
			name = Release;
		};
/* End XCBuildConfiguration section */

/* Begin XCConfigurationList section */
		5B97F77D243878C000ACF83D /* Build configuration list for PBXProject "Chat-App" */ = {
			isa = XCConfigurationList;
			buildConfigurations = (
				5B97F797243878C500ACF83D /* Debug */,
				5B97F798243878C500ACF83D /* Release */,
			);
			defaultConfigurationIsVisible = 0;
			defaultConfigurationName = Release;
		};
		5B97F799243878C500ACF83D /* Build configuration list for PBXNativeTarget "Chat-App" */ = {
			isa = XCConfigurationList;
			buildConfigurations = (
				5B97F79A243878C500ACF83D /* Debug */,
				5B97F79B243878C500ACF83D /* Release */,
			);
			defaultConfigurationIsVisible = 0;
			defaultConfigurationName = Release;
		};
/* End XCConfigurationList section */

/* Begin XCVersionGroup section */
		5B97F78E243878C000ACF83D /* Chat_App.xcdatamodeld */ = {
			isa = XCVersionGroup;
			children = (
				5B97F78F243878C000ACF83D /* Chat_App.xcdatamodel */,
			);
			currentVersion = 5B97F78F243878C000ACF83D /* Chat_App.xcdatamodel */;
			path = Chat_App.xcdatamodeld;
			sourceTree = "<group>";
			versionGroupType = wrapper.xcdatamodel;
		};
/* End XCVersionGroup section */
	};
	rootObject = 5B97F77A243878C000ACF83D /* Project object */;
}
