// !$*UTF8*$!
{
	archiveVersion = 1;
	classes = {
	};
	objectVersion = 51;
	objects = {

/* Begin PBXBuildFile section */
		44510E86AE29DE5E8BB386D6 /* Pods_Chat_App.framework in Frameworks */ = {isa = PBXBuildFile; fileRef = 106ADCEB16915EA1B4331ABD /* Pods_Chat_App.framework */; };
		5B29B6472442101A00CD3FDD /* OTPViewController.swift in Sources */ = {isa = PBXBuildFile; fileRef = 5B29B6462442101A00CD3FDD /* OTPViewController.swift */; };
		5B5E18A3243EFD2C0081B407 /* Chat+Plus+Button.swift in Sources */ = {isa = PBXBuildFile; fileRef = 5B5E18A2243EFD2C0081B407 /* Chat+Plus+Button.swift */; };
		5B5E18C5244059C90081B407 /* PhoneAuthViewController.swift in Sources */ = {isa = PBXBuildFile; fileRef = 5B5E18C4244059C90081B407 /* PhoneAuthViewController.swift */; };
		5B5E18C72440C59B0081B407 /* Contries.swift in Sources */ = {isa = PBXBuildFile; fileRef = 5B5E18C62440C59B0081B407 /* Contries.swift */; };
		5B5E18C92441001D0081B407 /* countriesViewController.swift in Sources */ = {isa = PBXBuildFile; fileRef = 5B5E18C82441001D0081B407 /* countriesViewController.swift */; };
		5B5E18CE24410E0E0081B407 /* SF-Pro-Display-Light.otf in Resources */ = {isa = PBXBuildFile; fileRef = 5B5E18CD24410E0E0081B407 /* SF-Pro-Display-Light.otf */; };
		5B5E18D024410ED20081B407 /* SF-Pro-Display-Medium.otf in Resources */ = {isa = PBXBuildFile; fileRef = 5B5E18CF24410ED20081B407 /* SF-Pro-Display-Medium.otf */; };
		5B880EAB243A677800EDFBE3 /* Message.swift in Sources */ = {isa = PBXBuildFile; fileRef = 5B880EAA243A677800EDFBE3 /* Message.swift */; };
		5B880EAD243AFDB200EDFBE3 /* ChatsTableViewCell.swift in Sources */ = {isa = PBXBuildFile; fileRef = 5B880EAC243AFDB200EDFBE3 /* ChatsTableViewCell.swift */; };
		5B880EAF243B7BDD00EDFBE3 /* chatLogCollectionViewCell.swift in Sources */ = {isa = PBXBuildFile; fileRef = 5B880EAE243B7BDD00EDFBE3 /* chatLogCollectionViewCell.swift */; };
		5B97F786243878C000ACF83D /* AppDelegate.swift in Sources */ = {isa = PBXBuildFile; fileRef = 5B97F785243878C000ACF83D /* AppDelegate.swift */; };
		5B97F788243878C000ACF83D /* SceneDelegate.swift in Sources */ = {isa = PBXBuildFile; fileRef = 5B97F787243878C000ACF83D /* SceneDelegate.swift */; };
		5B97F78A243878C000ACF83D /* ViewController.swift in Sources */ = {isa = PBXBuildFile; fileRef = 5B97F789243878C000ACF83D /* ViewController.swift */; };
		5B97F78D243878C000ACF83D /* Main.storyboard in Resources */ = {isa = PBXBuildFile; fileRef = 5B97F78B243878C000ACF83D /* Main.storyboard */; };
		5B97F790243878C000ACF83D /* Chat_App.xcdatamodeld in Sources */ = {isa = PBXBuildFile; fileRef = 5B97F78E243878C000ACF83D /* Chat_App.xcdatamodeld */; };
		5B97F792243878C500ACF83D /* Assets.xcassets in Resources */ = {isa = PBXBuildFile; fileRef = 5B97F791243878C500ACF83D /* Assets.xcassets */; };
		5B97F795243878C500ACF83D /* LaunchScreen.storyboard in Resources */ = {isa = PBXBuildFile; fileRef = 5B97F793243878C500ACF83D /* LaunchScreen.storyboard */; };
		5B97F79D24387A8800ACF83D /* LoginViewController.swift in Sources */ = {isa = PBXBuildFile; fileRef = 5B97F79C24387A8800ACF83D /* LoginViewController.swift */; };
		5B97F7A324387C6C00ACF83D /* Extensions.swift in Sources */ = {isa = PBXBuildFile; fileRef = 5B97F7A224387C6C00ACF83D /* Extensions.swift */; };
		5B97F7A52438CACC00ACF83D /* GoogleService-Info.plist in Resources */ = {isa = PBXBuildFile; fileRef = 5B97F7A42438CACC00ACF83D /* GoogleService-Info.plist */; };
		5B97F7A72438F41500ACF83D /* ChatsViewController.swift in Sources */ = {isa = PBXBuildFile; fileRef = 5B97F7A62438F41500ACF83D /* ChatsViewController.swift */; };
		5B97F7A92439087800ACF83D /* NewChatsViewController.swift in Sources */ = {isa = PBXBuildFile; fileRef = 5B97F7A82439087800ACF83D /* NewChatsViewController.swift */; };
		5B97F7AB24390EDD00ACF83D /* NewChatTableViewCell.swift in Sources */ = {isa = PBXBuildFile; fileRef = 5B97F7AA24390EDD00ACF83D /* NewChatTableViewCell.swift */; };
		5B97F7AD2439109800ACF83D /* User.swift in Sources */ = {isa = PBXBuildFile; fileRef = 5B97F7AC2439109800ACF83D /* User.swift */; };
		5B97F7AF2439A04C00ACF83D /* SetupProfileViewController.swift in Sources */ = {isa = PBXBuildFile; fileRef = 5B97F7AE2439A04C00ACF83D /* SetupProfileViewController.swift */; };
		5B97F7B12439A88700ACF83D /* File in Resources */ = {isa = PBXBuildFile; fileRef = 5B97F7B02439A88700ACF83D /* File */; };
		5B97F7B32439A90700ACF83D /* ImagePicker.swift in Sources */ = {isa = PBXBuildFile; fileRef = 5B97F7B22439A90700ACF83D /* ImagePicker.swift */; };
		5B97F7B5243A041600ACF83D /* ChatLogViewController.swift in Sources */ = {isa = PBXBuildFile; fileRef = 5B97F7B4243A041600ACF83D /* ChatLogViewController.swift */; };
/* End PBXBuildFile section */

/* Begin PBXFileReference section */
		0B0C9E669F26A16EB9BF9733 /* Pods-Chat-App.debug.xcconfig */ = {isa = PBXFileReference; includeInIndex = 1; lastKnownFileType = text.xcconfig; name = "Pods-Chat-App.debug.xcconfig"; path = "Target Support Files/Pods-Chat-App/Pods-Chat-App.debug.xcconfig"; sourceTree = "<group>"; };
		106ADCEB16915EA1B4331ABD /* Pods_Chat_App.framework */ = {isa = PBXFileReference; explicitFileType = wrapper.framework; includeInIndex = 0; path = Pods_Chat_App.framework; sourceTree = BUILT_PRODUCTS_DIR; };
		5B29B6462442101A00CD3FDD /* OTPViewController.swift */ = {isa = PBXFileReference; lastKnownFileType = sourcecode.swift; path = OTPViewController.swift; sourceTree = "<group>"; };
		5B5E18A2243EFD2C0081B407 /* Chat+Plus+Button.swift */ = {isa = PBXFileReference; lastKnownFileType = sourcecode.swift; path = "Chat+Plus+Button.swift"; sourceTree = "<group>"; };
		5B5E18C4244059C90081B407 /* PhoneAuthViewController.swift */ = {isa = PBXFileReference; lastKnownFileType = sourcecode.swift; name = PhoneAuthViewController.swift; path = "Chat-App/PhoneAuthViewController.swift"; sourceTree = SOURCE_ROOT; };
		5B5E18C62440C59B0081B407 /* Contries.swift */ = {isa = PBXFileReference; lastKnownFileType = sourcecode.swift; path = Contries.swift; sourceTree = "<group>"; };
		5B5E18C82441001D0081B407 /* countriesViewController.swift */ = {isa = PBXFileReference; lastKnownFileType = sourcecode.swift; path = countriesViewController.swift; sourceTree = "<group>"; };
		5B5E18CD24410E0E0081B407 /* SF-Pro-Display-Light.otf */ = {isa = PBXFileReference; lastKnownFileType = file; path = "SF-Pro-Display-Light.otf"; sourceTree = "<group>"; };
		5B5E18CF24410ED20081B407 /* SF-Pro-Display-Medium.otf */ = {isa = PBXFileReference; lastKnownFileType = file; path = "SF-Pro-Display-Medium.otf"; sourceTree = "<group>"; };
		5B880EAA243A677800EDFBE3 /* Message.swift */ = {isa = PBXFileReference; lastKnownFileType = sourcecode.swift; path = Message.swift; sourceTree = "<group>"; };
		5B880EAC243AFDB200EDFBE3 /* ChatsTableViewCell.swift */ = {isa = PBXFileReference; lastKnownFileType = sourcecode.swift; path = ChatsTableViewCell.swift; sourceTree = "<group>"; };
		5B880EAE243B7BDD00EDFBE3 /* chatLogCollectionViewCell.swift */ = {isa = PBXFileReference; lastKnownFileType = sourcecode.swift; path = chatLogCollectionViewCell.swift; sourceTree = "<group>"; };
		5B97F782243878C000ACF83D /* Chat-App.app */ = {isa = PBXFileReference; explicitFileType = wrapper.application; includeInIndex = 0; path = "Chat-App.app"; sourceTree = BUILT_PRODUCTS_DIR; };
		5B97F785243878C000ACF83D /* AppDelegate.swift */ = {isa = PBXFileReference; lastKnownFileType = sourcecode.swift; path = AppDelegate.swift; sourceTree = "<group>"; };
		5B97F787243878C000ACF83D /* SceneDelegate.swift */ = {isa = PBXFileReference; lastKnownFileType = sourcecode.swift; path = SceneDelegate.swift; sourceTree = "<group>"; };
		5B97F789243878C000ACF83D /* ViewController.swift */ = {isa = PBXFileReference; lastKnownFileType = sourcecode.swift; path = ViewController.swift; sourceTree = "<group>"; };
		5B97F78C243878C000ACF83D /* Base */ = {isa = PBXFileReference; lastKnownFileType = file.storyboard; name = Base; path = Base.lproj/Main.storyboard; sourceTree = "<group>"; };
		5B97F78F243878C000ACF83D /* Chat_App.xcdatamodel */ = {isa = PBXFileReference; lastKnownFileType = wrapper.xcdatamodel; path = Chat_App.xcdatamodel; sourceTree = "<group>"; };
		5B97F791243878C500ACF83D /* Assets.xcassets */ = {isa = PBXFileReference; lastKnownFileType = folder.assetcatalog; path = Assets.xcassets; sourceTree = "<group>"; };
		5B97F794243878C500ACF83D /* Base */ = {isa = PBXFileReference; lastKnownFileType = file.storyboard; name = Base; path = Base.lproj/LaunchScreen.storyboard; sourceTree = "<group>"; };
		5B97F796243878C500ACF83D /* Info.plist */ = {isa = PBXFileReference; lastKnownFileType = text.plist.xml; path = Info.plist; sourceTree = "<group>"; };
		5B97F79C24387A8800ACF83D /* LoginViewController.swift */ = {isa = PBXFileReference; lastKnownFileType = sourcecode.swift; path = LoginViewController.swift; sourceTree = "<group>"; };
		5B97F7A224387C6C00ACF83D /* Extensions.swift */ = {isa = PBXFileReference; lastKnownFileType = sourcecode.swift; path = Extensions.swift; sourceTree = "<group>"; };
		5B97F7A42438CACC00ACF83D /* GoogleService-Info.plist */ = {isa = PBXFileReference; fileEncoding = 4; lastKnownFileType = text.plist.xml; path = "GoogleService-Info.plist"; sourceTree = "<group>"; };
		5B97F7A62438F41500ACF83D /* ChatsViewController.swift */ = {isa = PBXFileReference; lastKnownFileType = sourcecode.swift; path = ChatsViewController.swift; sourceTree = "<group>"; };
		5B97F7A82439087800ACF83D /* NewChatsViewController.swift */ = {isa = PBXFileReference; lastKnownFileType = sourcecode.swift; path = NewChatsViewController.swift; sourceTree = "<group>"; };
		5B97F7AA24390EDD00ACF83D /* NewChatTableViewCell.swift */ = {isa = PBXFileReference; lastKnownFileType = sourcecode.swift; path = NewChatTableViewCell.swift; sourceTree = "<group>"; };
		5B97F7AC2439109800ACF83D /* User.swift */ = {isa = PBXFileReference; lastKnownFileType = sourcecode.swift; path = User.swift; sourceTree = "<group>"; };
		5B97F7AE2439A04C00ACF83D /* SetupProfileViewController.swift */ = {isa = PBXFileReference; lastKnownFileType = sourcecode.swift; path = SetupProfileViewController.swift; sourceTree = "<group>"; };
		5B97F7B02439A88700ACF83D /* File */ = {isa = PBXFileReference; lastKnownFileType = text; path = File; sourceTree = "<group>"; };
		5B97F7B22439A90700ACF83D /* ImagePicker.swift */ = {isa = PBXFileReference; lastKnownFileType = sourcecode.swift; path = ImagePicker.swift; sourceTree = "<group>"; };
		5B97F7B4243A041600ACF83D /* ChatLogViewController.swift */ = {isa = PBXFileReference; lastKnownFileType = sourcecode.swift; path = ChatLogViewController.swift; sourceTree = "<group>"; };
		A7ADEA28FA161DA7BA3FE40E /* Pods-Chat-App.release.xcconfig */ = {isa = PBXFileReference; includeInIndex = 1; lastKnownFileType = text.xcconfig; name = "Pods-Chat-App.release.xcconfig"; path = "Target Support Files/Pods-Chat-App/Pods-Chat-App.release.xcconfig"; sourceTree = "<group>"; };
/* End PBXFileReference section */

/* Begin PBXFrameworksBuildPhase section */
		5B97F77F243878C000ACF83D /* Frameworks */ = {
			isa = PBXFrameworksBuildPhase;
			buildActionMask = 2147483647;
			files = (
				44510E86AE29DE5E8BB386D6 /* Pods_Chat_App.framework in Frameworks */,
			);
			runOnlyForDeploymentPostprocessing = 0;
		};
/* End PBXFrameworksBuildPhase section */

/* Begin PBXGroup section */
		5B5E18CC24410DC30081B407 /* Fonts */ = {
			isa = PBXGroup;
			children = (
				5B5E18CD24410E0E0081B407 /* SF-Pro-Display-Light.otf */,
				5B5E18CF24410ED20081B407 /* SF-Pro-Display-Medium.otf */,
			);
			path = Fonts;
			sourceTree = "<group>";
		};
		5B97F779243878C000ACF83D = {
			isa = PBXGroup;
			children = (
				5B97F7B02439A88700ACF83D /* File */,
				5B97F784243878C000ACF83D /* Chat-App */,
				5B97F783243878C000ACF83D /* Products */,
				6AFFA466BFB6F2B35F0DB556 /* Pods */,
				5F2DDC25D6EFBAD28CF37CA9 /* Frameworks */,
			);
			sourceTree = "<group>";
		};
		5B97F783243878C000ACF83D /* Products */ = {
			isa = PBXGroup;
			children = (
				5B97F782243878C000ACF83D /* Chat-App.app */,
			);
			name = Products;
			sourceTree = "<group>";
		};
		5B97F784243878C000ACF83D /* Chat-App */ = {
			isa = PBXGroup;
			children = (
				5B97F7A124387C6200ACF83D /* Utilities */,
				5B97F7A024387AA400ACF83D /* Model */,
				5B97F79F24387A9E00ACF83D /* View */,
				5B97F79E24387A9100ACF83D /* Controller */,
				5B97F785243878C000ACF83D /* AppDelegate.swift */,
				5B97F787243878C000ACF83D /* SceneDelegate.swift */,
				5B97F789243878C000ACF83D /* ViewController.swift */,
				5B97F78B243878C000ACF83D /* Main.storyboard */,
				5B97F793243878C500ACF83D /* LaunchScreen.storyboard */,
				5B97F791243878C500ACF83D /* Assets.xcassets */,
				5B97F796243878C500ACF83D /* Info.plist */,
				5B97F7A42438CACC00ACF83D /* GoogleService-Info.plist */,
				5B97F78E243878C000ACF83D /* Chat_App.xcdatamodeld */,
				5B5E18CC24410DC30081B407 /* Fonts */,
			);
			path = "Chat-App";
			sourceTree = "<group>";
		};
		5B97F79E24387A9100ACF83D /* Controller */ = {
			isa = PBXGroup;
			children = (
				5B97F79C24387A8800ACF83D /* LoginViewController.swift */,
				5B97F7A62438F41500ACF83D /* ChatsViewController.swift */,
				5B97F7A82439087800ACF83D /* NewChatsViewController.swift */,
				5B97F7AE2439A04C00ACF83D /* SetupProfileViewController.swift */,
				5B97F7B4243A041600ACF83D /* ChatLogViewController.swift */,
				5B5E18C4244059C90081B407 /* PhoneAuthViewController.swift */,
				5B5E18C82441001D0081B407 /* countriesViewController.swift */,
				5B29B6462442101A00CD3FDD /* OTPViewController.swift */,
			);
			path = Controller;
			sourceTree = "<group>";
		};
		5B97F79F24387A9E00ACF83D /* View */ = {
			isa = PBXGroup;
			children = (
				5B97F7AA24390EDD00ACF83D /* NewChatTableViewCell.swift */,
				5B880EAC243AFDB200EDFBE3 /* ChatsTableViewCell.swift */,
				5B880EAE243B7BDD00EDFBE3 /* chatLogCollectionViewCell.swift */,
			);
			path = View;
			sourceTree = "<group>";
		};
		5B97F7A024387AA400ACF83D /* Model */ = {
			isa = PBXGroup;
			children = (
				5B97F7AC2439109800ACF83D /* User.swift */,
				5B880EAA243A677800EDFBE3 /* Message.swift */,
				5B5E18C62440C59B0081B407 /* Contries.swift */,
			);
			path = Model;
			sourceTree = "<group>";
		};
		5B97F7A124387C6200ACF83D /* Utilities */ = {
			isa = PBXGroup;
			children = (
				5B97F7A224387C6C00ACF83D /* Extensions.swift */,
				5B97F7B22439A90700ACF83D /* ImagePicker.swift */,
				5B5E18A2243EFD2C0081B407 /* Chat+Plus+Button.swift */,
			);
			path = Utilities;
			sourceTree = "<group>";
		};
		5F2DDC25D6EFBAD28CF37CA9 /* Frameworks */ = {
			isa = PBXGroup;
			children = (
				106ADCEB16915EA1B4331ABD /* Pods_Chat_App.framework */,
			);
			name = Frameworks;
			sourceTree = "<group>";
		};
		6AFFA466BFB6F2B35F0DB556 /* Pods */ = {
			isa = PBXGroup;
			children = (
				0B0C9E669F26A16EB9BF9733 /* Pods-Chat-App.debug.xcconfig */,
				A7ADEA28FA161DA7BA3FE40E /* Pods-Chat-App.release.xcconfig */,
			);
			path = Pods;
			sourceTree = "<group>";
		};
/* End PBXGroup section */

/* Begin PBXNativeTarget section */
		5B97F781243878C000ACF83D /* Chat-App */ = {
			isa = PBXNativeTarget;
			buildConfigurationList = 5B97F799243878C500ACF83D /* Build configuration list for PBXNativeTarget "Chat-App" */;
			buildPhases = (
				6731E30B1730F5529AEC1B4B /* [CP] Check Pods Manifest.lock */,
				5B97F77E243878C000ACF83D /* Sources */,
				5B97F77F243878C000ACF83D /* Frameworks */,
				5B97F780243878C000ACF83D /* Resources */,
				12D725B7494F8C029506F712 /* [CP] Embed Pods Frameworks */,
			);
			buildRules = (
			);
			dependencies = (
			);
			name = "Chat-App";
			productName = "Chat-App";
			productReference = 5B97F782243878C000ACF83D /* Chat-App.app */;
			productType = "com.apple.product-type.application";
		};
/* End PBXNativeTarget section */

/* Begin PBXProject section */
		5B97F77A243878C000ACF83D /* Project object */ = {
			isa = PBXProject;
			attributes = {
				LastSwiftUpdateCheck = 1140;
				LastUpgradeCheck = 1140;
				ORGANIZATIONNAME = "Aaryan Kothari";
				TargetAttributes = {
					5B97F781243878C000ACF83D = {
						CreatedOnToolsVersion = 11.4;
					};
				};
			};
			buildConfigurationList = 5B97F77D243878C000ACF83D /* Build configuration list for PBXProject "Chat-App" */;
			compatibilityVersion = "Xcode 9.3";
			developmentRegion = en;
			hasScannedForEncodings = 0;
			knownRegions = (
				en,
				Base,
			);
			mainGroup = 5B97F779243878C000ACF83D;
			productRefGroup = 5B97F783243878C000ACF83D /* Products */;
			projectDirPath = "";
			projectRoot = "";
			targets = (
				5B97F781243878C000ACF83D /* Chat-App */,
			);
		};
/* End PBXProject section */

/* Begin PBXResourcesBuildPhase section */
		5B97F780243878C000ACF83D /* Resources */ = {
			isa = PBXResourcesBuildPhase;
			buildActionMask = 2147483647;
			files = (
				5B97F795243878C500ACF83D /* LaunchScreen.storyboard in Resources */,
				5B97F792243878C500ACF83D /* Assets.xcassets in Resources */,
				5B97F7A52438CACC00ACF83D /* GoogleService-Info.plist in Resources */,
				5B97F78D243878C000ACF83D /* Main.storyboard in Resources */,
				5B5E18CE24410E0E0081B407 /* SF-Pro-Display-Light.otf in Resources */,
				5B97F7B12439A88700ACF83D /* File in Resources */,
				5B5E18D024410ED20081B407 /* SF-Pro-Display-Medium.otf in Resources */,
			);
			runOnlyForDeploymentPostprocessing = 0;
		};
/* End PBXResourcesBuildPhase section */

/* Begin PBXShellScriptBuildPhase section */
		12D725B7494F8C029506F712 /* [CP] Embed Pods Frameworks */ = {
			isa = PBXShellScriptBuildPhase;
			buildActionMask = 2147483647;
			files = (
			);
			inputFileListPaths = (
				"${PODS_ROOT}/Target Support Files/Pods-Chat-App/Pods-Chat-App-frameworks-${CONFIGURATION}-input-files.xcfilelist",
			);
			name = "[CP] Embed Pods Frameworks";
			outputFileListPaths = (
				"${PODS_ROOT}/Target Support Files/Pods-Chat-App/Pods-Chat-App-frameworks-${CONFIGURATION}-output-files.xcfilelist",
			);
			runOnlyForDeploymentPostprocessing = 0;
			shellPath = /bin/sh;
			shellScript = "\"${PODS_ROOT}/Target Support Files/Pods-Chat-App/Pods-Chat-App-frameworks.sh\"\n";
			showEnvVarsInLog = 0;
		};
		6731E30B1730F5529AEC1B4B /* [CP] Check Pods Manifest.lock */ = {
			isa = PBXShellScriptBuildPhase;
			buildActionMask = 2147483647;
			files = (
			);
			inputFileListPaths = (
			);
			inputPaths = (
				"${PODS_PODFILE_DIR_PATH}/Podfile.lock",
				"${PODS_ROOT}/Manifest.lock",
			);
			name = "[CP] Check Pods Manifest.lock";
			outputFileListPaths = (
			);
			outputPaths = (
				"$(DERIVED_FILE_DIR)/Pods-Chat-App-checkManifestLockResult.txt",
			);
			runOnlyForDeploymentPostprocessing = 0;
			shellPath = /bin/sh;
			shellScript = "diff \"${PODS_PODFILE_DIR_PATH}/Podfile.lock\" \"${PODS_ROOT}/Manifest.lock\" > /dev/null\nif [ $? != 0 ] ; then\n    # print error to STDERR\n    echo \"error: The sandbox is not in sync with the Podfile.lock. Run 'pod install' or update your CocoaPods installation.\" >&2\n    exit 1\nfi\n# This output is used by Xcode 'outputs' to avoid re-running this script phase.\necho \"SUCCESS\" > \"${SCRIPT_OUTPUT_FILE_0}\"\n";
			showEnvVarsInLog = 0;
		};
/* End PBXShellScriptBuildPhase section */

/* Begin PBXSourcesBuildPhase section */
		5B97F77E243878C000ACF83D /* Sources */ = {
			isa = PBXSourcesBuildPhase;
			buildActionMask = 2147483647;
			files = (
				5B97F78A243878C000ACF83D /* ViewController.swift in Sources */,
				5B5E18C72440C59B0081B407 /* Contries.swift in Sources */,
				5B880EAD243AFDB200EDFBE3 /* ChatsTableViewCell.swift in Sources */,
				5B5E18A3243EFD2C0081B407 /* Chat+Plus+Button.swift in Sources */,
				5B97F7A324387C6C00ACF83D /* Extensions.swift in Sources */,
				5B880EAF243B7BDD00EDFBE3 /* chatLogCollectionViewCell.swift in Sources */,
				5B97F790243878C000ACF83D /* Chat_App.xcdatamodeld in Sources */,
				5B97F7A92439087800ACF83D /* NewChatsViewController.swift in Sources */,
				5B97F786243878C000ACF83D /* AppDelegate.swift in Sources */,
				5B97F7B5243A041600ACF83D /* ChatLogViewController.swift in Sources */,
				5B97F7A72438F41500ACF83D /* ChatsViewController.swift in Sources */,
				5B97F7AB24390EDD00ACF83D /* NewChatTableViewCell.swift in Sources */,
				5B29B6472442101A00CD3FDD /* OTPViewController.swift in Sources */,
				5B97F7AF2439A04C00ACF83D /* SetupProfileViewController.swift in Sources */,
				5B97F79D24387A8800ACF83D /* LoginViewController.swift in Sources */,
				5B97F7B32439A90700ACF83D /* ImagePicker.swift in Sources */,
				5B97F7AD2439109800ACF83D /* User.swift in Sources */,
				5B97F788243878C000ACF83D /* SceneDelegate.swift in Sources */,
				5B880EAB243A677800EDFBE3 /* Message.swift in Sources */,
				5B5E18C5244059C90081B407 /* PhoneAuthViewController.swift in Sources */,
				5B5E18C92441001D0081B407 /* countriesViewController.swift in Sources */,
			);
			runOnlyForDeploymentPostprocessing = 0;
		};
/* End PBXSourcesBuildPhase section */

/* Begin PBXVariantGroup section */
		5B97F78B243878C000ACF83D /* Main.storyboard */ = {
			isa = PBXVariantGroup;
			children = (
				5B97F78C243878C000ACF83D /* Base */,
			);
			name = Main.storyboard;
			sourceTree = "<group>";
		};
		5B97F793243878C500ACF83D /* LaunchScreen.storyboard */ = {
			isa = PBXVariantGroup;
			children = (
				5B97F794243878C500ACF83D /* Base */,
			);
			name = LaunchScreen.storyboard;
			sourceTree = "<group>";
		};
/* End PBXVariantGroup section */

/* Begin XCBuildConfiguration section */
		5B97F797243878C500ACF83D /* Debug */ = {
			isa = XCBuildConfiguration;
			buildSettings = {
				ALWAYS_SEARCH_USER_PATHS = NO;
				CLANG_ANALYZER_NONNULL = YES;
				CLANG_ANALYZER_NUMBER_OBJECT_CONVERSION = YES_AGGRESSIVE;
				CLANG_CXX_LANGUAGE_STANDARD = "gnu++14";
				CLANG_CXX_LIBRARY = "libc++";
				CLANG_ENABLE_MODULES = YES;
				CLANG_ENABLE_OBJC_ARC = YES;
				CLANG_ENABLE_OBJC_WEAK = YES;
				CLANG_WARN_BLOCK_CAPTURE_AUTORELEASING = YES;
				CLANG_WARN_BOOL_CONVERSION = YES;
				CLANG_WARN_COMMA = YES;
				CLANG_WARN_CONSTANT_CONVERSION = YES;
				CLANG_WARN_DEPRECATED_OBJC_IMPLEMENTATIONS = YES;
				CLANG_WARN_DIRECT_OBJC_ISA_USAGE = YES_ERROR;
				CLANG_WARN_DOCUMENTATION_COMMENTS = YES;
				CLANG_WARN_EMPTY_BODY = YES;
				CLANG_WARN_ENUM_CONVERSION = YES;
				CLANG_WARN_INFINITE_RECURSION = YES;
				CLANG_WARN_INT_CONVERSION = YES;
				CLANG_WARN_NON_LITERAL_NULL_CONVERSION = YES;
				CLANG_WARN_OBJC_IMPLICIT_RETAIN_SELF = YES;
				CLANG_WARN_OBJC_LITERAL_CONVERSION = YES;
				CLANG_WARN_OBJC_ROOT_CLASS = YES_ERROR;
				CLANG_WARN_RANGE_LOOP_ANALYSIS = YES;
				CLANG_WARN_STRICT_PROTOTYPES = YES;
				CLANG_WARN_SUSPICIOUS_MOVE = YES;
				CLANG_WARN_UNGUARDED_AVAILABILITY = YES_AGGRESSIVE;
				CLANG_WARN_UNREACHABLE_CODE = YES;
				CLANG_WARN__DUPLICATE_METHOD_MATCH = YES;
				COPY_PHASE_STRIP = NO;
				DEBUG_INFORMATION_FORMAT = dwarf;
				ENABLE_STRICT_OBJC_MSGSEND = YES;
				ENABLE_TESTABILITY = YES;
				GCC_C_LANGUAGE_STANDARD = gnu11;
				GCC_DYNAMIC_NO_PIC = NO;
				GCC_NO_COMMON_BLOCKS = YES;
				GCC_OPTIMIZATION_LEVEL = 0;
				GCC_PREPROCESSOR_DEFINITIONS = (
					"DEBUG=1",
					"$(inherited)",
				);
				GCC_WARN_64_TO_32_BIT_CONVERSION = YES;
				GCC_WARN_ABOUT_RETURN_TYPE = YES_ERROR;
				GCC_WARN_UNDECLARED_SELECTOR = YES;
				GCC_WARN_UNINITIALIZED_AUTOS = YES_AGGRESSIVE;
				GCC_WARN_UNUSED_FUNCTION = YES;
				GCC_WARN_UNUSED_VARIABLE = YES;
				IPHONEOS_DEPLOYMENT_TARGET = 13.4;
				MTL_ENABLE_DEBUG_INFO = INCLUDE_SOURCE;
				MTL_FAST_MATH = YES;
				ONLY_ACTIVE_ARCH = YES;
				SDKROOT = iphoneos;
				SWIFT_ACTIVE_COMPILATION_CONDITIONS = DEBUG;
				SWIFT_OPTIMIZATION_LEVEL = "-Onone";
			};
			name = Debug;
		};
		5B97F798243878C500ACF83D /* Release */ = {
			isa = XCBuildConfiguration;
			buildSettings = {
				ALWAYS_SEARCH_USER_PATHS = NO;
				CLANG_ANALYZER_NONNULL = YES;
				CLANG_ANALYZER_NUMBER_OBJECT_CONVERSION = YES_AGGRESSIVE;
				CLANG_CXX_LANGUAGE_STANDARD = "gnu++14";
				CLANG_CXX_LIBRARY = "libc++";
				CLANG_ENABLE_MODULES = YES;
				CLANG_ENABLE_OBJC_ARC = YES;
				CLANG_ENABLE_OBJC_WEAK = YES;
				CLANG_WARN_BLOCK_CAPTURE_AUTORELEASING = YES;
				CLANG_WARN_BOOL_CONVERSION = YES;
				CLANG_WARN_COMMA = YES;
				CLANG_WARN_CONSTANT_CONVERSION = YES;
				CLANG_WARN_DEPRECATED_OBJC_IMPLEMENTATIONS = YES;
				CLANG_WARN_DIRECT_OBJC_ISA_USAGE = YES_ERROR;
				CLANG_WARN_DOCUMENTATION_COMMENTS = YES;
				CLANG_WARN_EMPTY_BODY = YES;
				CLANG_WARN_ENUM_CONVERSION = YES;
				CLANG_WARN_INFINITE_RECURSION = YES;
				CLANG_WARN_INT_CONVERSION = YES;
				CLANG_WARN_NON_LITERAL_NULL_CONVERSION = YES;
				CLANG_WARN_OBJC_IMPLICIT_RETAIN_SELF = YES;
				CLANG_WARN_OBJC_LITERAL_CONVERSION = YES;
				CLANG_WARN_OBJC_ROOT_CLASS = YES_ERROR;
				CLANG_WARN_RANGE_LOOP_ANALYSIS = YES;
				CLANG_WARN_STRICT_PROTOTYPES = YES;
				CLANG_WARN_SUSPICIOUS_MOVE = YES;
				CLANG_WARN_UNGUARDED_AVAILABILITY = YES_AGGRESSIVE;
				CLANG_WARN_UNREACHABLE_CODE = YES;
				CLANG_WARN__DUPLICATE_METHOD_MATCH = YES;
				COPY_PHASE_STRIP = NO;
				DEBUG_INFORMATION_FORMAT = "dwarf-with-dsym";
				ENABLE_NS_ASSERTIONS = NO;
				ENABLE_STRICT_OBJC_MSGSEND = YES;
				GCC_C_LANGUAGE_STANDARD = gnu11;
				GCC_NO_COMMON_BLOCKS = YES;
				GCC_WARN_64_TO_32_BIT_CONVERSION = YES;
				GCC_WARN_ABOUT_RETURN_TYPE = YES_ERROR;
				GCC_WARN_UNDECLARED_SELECTOR = YES;
				GCC_WARN_UNINITIALIZED_AUTOS = YES_AGGRESSIVE;
				GCC_WARN_UNUSED_FUNCTION = YES;
				GCC_WARN_UNUSED_VARIABLE = YES;
				IPHONEOS_DEPLOYMENT_TARGET = 13.4;
				MTL_ENABLE_DEBUG_INFO = NO;
				MTL_FAST_MATH = YES;
				SDKROOT = iphoneos;
				SWIFT_COMPILATION_MODE = wholemodule;
				SWIFT_OPTIMIZATION_LEVEL = "-O";
				VALIDATE_PRODUCT = YES;
			};
			name = Release;
		};
		5B97F79A243878C500ACF83D /* Debug */ = {
			isa = XCBuildConfiguration;
			baseConfigurationReference = 0B0C9E669F26A16EB9BF9733 /* Pods-Chat-App.debug.xcconfig */;
			buildSettings = {
				ASSETCATALOG_COMPILER_APPICON_NAME = AppIcon;
				CODE_SIGN_STYLE = Automatic;
				DEVELOPMENT_TEAM = F8CHS6PHQS;
				INFOPLIST_FILE = "Chat-App/Info.plist";
				LD_RUNPATH_SEARCH_PATHS = (
					"$(inherited)",
					"@executable_path/Frameworks",
				);
				PRODUCT_BUNDLE_IDENTIFIER = "ak.Chat-App";
				PRODUCT_NAME = "$(TARGET_NAME)";
				SWIFT_VERSION = 5.0;
				TARGETED_DEVICE_FAMILY = "1,2";
			};
			name = Debug;
		};
		5B97F79B243878C500ACF83D /* Release */ = {
			isa = XCBuildConfiguration;
			baseConfigurationReference = A7ADEA28FA161DA7BA3FE40E /* Pods-Chat-App.release.xcconfig */;
			buildSettings = {
				ASSETCATALOG_COMPILER_APPICON_NAME = AppIcon;
				CODE_SIGN_STYLE = Automatic;
				DEVELOPMENT_TEAM = F8CHS6PHQS;
				INFOPLIST_FILE = "Chat-App/Info.plist";
				LD_RUNPATH_SEARCH_PATHS = (
					"$(inherited)",
					"@executable_path/Frameworks",
				);
				PRODUCT_BUNDLE_IDENTIFIER = "ak.Chat-App";
				PRODUCT_NAME = "$(TARGET_NAME)";
				SWIFT_VERSION = 5.0;
				TARGETED_DEVICE_FAMILY = "1,2";
			};
			name = Release;
		};
/* End XCBuildConfiguration section */

/* Begin XCConfigurationList section */
		5B97F77D243878C000ACF83D /* Build configuration list for PBXProject "Chat-App" */ = {
			isa = XCConfigurationList;
			buildConfigurations = (
				5B97F797243878C500ACF83D /* Debug */,
				5B97F798243878C500ACF83D /* Release */,
			);
			defaultConfigurationIsVisible = 0;
			defaultConfigurationName = Release;
		};
		5B97F799243878C500ACF83D /* Build configuration list for PBXNativeTarget "Chat-App" */ = {
			isa = XCConfigurationList;
			buildConfigurations = (
				5B97F79A243878C500ACF83D /* Debug */,
				5B97F79B243878C500ACF83D /* Release */,
			);
			defaultConfigurationIsVisible = 0;
			defaultConfigurationName = Release;
		};
/* End XCConfigurationList section */

/* Begin XCVersionGroup section */
		5B97F78E243878C000ACF83D /* Chat_App.xcdatamodeld */ = {
			isa = XCVersionGroup;
			children = (
				5B97F78F243878C000ACF83D /* Chat_App.xcdatamodel */,
			);
			currentVersion = 5B97F78F243878C000ACF83D /* Chat_App.xcdatamodel */;
			path = Chat_App.xcdatamodeld;
			sourceTree = "<group>";
			versionGroupType = wrapper.xcdatamodel;
		};
/* End XCVersionGroup section */
	};
	rootObject = 5B97F77A243878C000ACF83D /* Project object */;
}
